
Microsoft Visual Studio Solution File, Format Version 12.00
# Visual Studio 15
VisualStudioVersion = 15.0.27703.2035
MinimumVisualStudioVersion = 10.0.40219.1
Project("{FAE04EC0-301F-11D3-BF4B-00C04F79EFBC}") = "RandomNumberGenerator", "RandomNumberGenerator\RandomNumberGenerator.csproj", "{A21C9397-2D27-4E0F-B4C9-47D5F22D8E19}"
EndProject
Global
	GlobalSection(SolutionConfigurationPlatforms) = preSolution
		Debug|Any CPU = Debug|Any CPU
		Release|Any CPU = Release|Any CPU
	EndGlobalSection
	GlobalSection(ProjectConfigurationPlatforms) = postSolution
		{A21C9397-2D27-4E0F-B4C9-47D5F22D8E19}.Debug|Any CPU.ActiveCfg = Debug|Any CPU
		{A21C9397-2D27-4E0F-B4C9-47D5F22D8E19}.Debug|Any CPU.Build.0 = Debug|Any CPU
		{A21C9397-2D27-4E0F-B4C9-47D5F22D8E19}.Release|Any CPU.ActiveCfg = Release|Any CPU
		{A21C9397-2D27-4E0F-B4C9-47D5F22D8E19}.Release|Any CPU.Build.0 = Release|Any CPU
	EndGlobalSection
	GlobalSection(SolutionProperties) = preSolution
		HideSolutionNode = FALSE
	EndGlobalSection
	GlobalSection(ExtensibilityGlobals) = postSolution
		SolutionGuid = {E1CBCA33-CD8F-4EE1-8714-37E38944E3FA}
	EndGlobalSection
EndGlobal
